PODS:
  - RxCocoa (5.1.3):
    - RxRelay (~> 5)
    - RxSwift (~> 5)
  - RxLocalizer (1.5.0):
    - RxCocoa (~> 5.1.1)
    - RxSwift (~> 5.1.1)
  - RxRelay (5.1.3):
    - RxSwift (~> 5)
  - RxSwift (5.1.3)

DEPENDENCIES:
  - RxCocoa
  - RxLocalizer (from `../`)
  - RxSwift

SPEC REPOS:
  trunk:
    - RxCocoa
    - RxRelay
    - RxSwift

EXTERNAL SOURCES:
  RxLocalizer:
    :path: "../"

SPEC CHECKSUMS:
  RxCocoa: e2ed092d5432e4296aa818021d27de4090ac0354
  RxLocalizer: 7db2f964848a885d996d36f47f0e88a477cd627a
  RxRelay: 5a18c2eb2d68326ebaf0112f80d837ae41b92b97
  RxSwift: 915abbdfb62214aa89ccd0b194d44fb478019b27

PODFILE CHECKSUM: e08d9c441b94ea9661326aa8e943bde3dffd4889

COCOAPODS: 1.11.3
